// !$*UTF8*$!
{
	archiveVersion = 1;
	classes = {
	};
	objectVersion = 46;
	objects = {

/* Begin PBXBuildFile section */
		3C25934F1BC80CE900C4C26B /* main.m in Sources */ = {isa = PBXBuildFile; fileRef = 3C25934E1BC80CE900C4C26B /* main.m */; };
		3C2593521BC80CE900C4C26B /* AppDelegate.m in Sources */ = {isa = PBXBuildFile; fileRef = 3C2593511BC80CE900C4C26B /* AppDelegate.m */; };
		3C2593551BC80CE900C4C26B /* ViewController.m in Sources */ = {isa = PBXBuildFile; fileRef = 3C2593541BC80CE900C4C26B /* ViewController.m */; };
		3C2593581BC80CE900C4C26B /* Main.storyboard in Resources */ = {isa = PBXBuildFile; fileRef = 3C2593561BC80CE900C4C26B /* Main.storyboard */; };
		3C25935A1BC80CE900C4C26B /* Assets.xcassets in Resources */ = {isa = PBXBuildFile; fileRef = 3C2593591BC80CE900C4C26B /* Assets.xcassets */; };
		3C25935D1BC80CE900C4C26B /* LaunchScreen.storyboard in Resources */ = {isa = PBXBuildFile; fileRef = 3C25935B1BC80CE900C4C26B /* LaunchScreen.storyboard */; };
		3C2593681BC80CE900C4C26B /* CAAnimation______Tests.m in Sources */ = {isa = PBXBuildFile; fileRef = 3C2593671BC80CE900C4C26B /* CAAnimation______Tests.m */; };
		3C2593731BC80CE900C4C26B /* CAAnimation______UITests.m in Sources */ = {isa = PBXBuildFile; fileRef = 3C2593721BC80CE900C4C26B /* CAAnimation______UITests.m */; };
		3C2593881BC8103A00C4C26B /* 1.jpg in Resources */ = {isa = PBXBuildFile; fileRef = 3C2593811BC8103A00C4C26B /* 1.jpg */; settings = {ASSET_TAGS = (); }; };
		3C2593891BC8103A00C4C26B /* 2.jpg in Resources */ = {isa = PBXBuildFile; fileRef = 3C2593821BC8103A00C4C26B /* 2.jpg */; settings = {ASSET_TAGS = (); }; };
		3C25938A1BC8103A00C4C26B /* 3.jpg in Resources */ = {isa = PBXBuildFile; fileRef = 3C2593831BC8103A00C4C26B /* 3.jpg */; settings = {ASSET_TAGS = (); }; };
		3C25938B1BC8103A00C4C26B /* 4.jpg in Resources */ = {isa = PBXBuildFile; fileRef = 3C2593841BC8103A00C4C26B /* 4.jpg */; settings = {ASSET_TAGS = (); }; };
		3C25938C1BC8103A00C4C26B /* 5.jpg in Resources */ = {isa = PBXBuildFile; fileRef = 3C2593851BC8103A00C4C26B /* 5.jpg */; settings = {ASSET_TAGS = (); }; };
		3C25938D1BC8103A00C4C26B /* 6.jpg in Resources */ = {isa = PBXBuildFile; fileRef = 3C2593861BC8103A00C4C26B /* 6.jpg */; settings = {ASSET_TAGS = (); }; };
		3C25938E1BC8103A00C4C26B /* 7.jpg in Resources */ = {isa = PBXBuildFile; fileRef = 3C2593871BC8103A00C4C26B /* 7.jpg */; settings = {ASSET_TAGS = (); }; };
/* End PBXBuildFile section */

/* Begin PBXContainerItemProxy section */
		3C2593641BC80CE900C4C26B /* PBXContainerItemProxy */ = {
			isa = PBXContainerItemProxy;
			containerPortal = 3C2593421BC80CE800C4C26B /* Project object */;
			proxyType = 1;
			remoteGlobalIDString = 3C2593491BC80CE900C4C26B;
			remoteInfo = "CAAnimation(转场动画)";
		};
		3C25936F1BC80CE900C4C26B /* PBXContainerItemProxy */ = {
			isa = PBXContainerItemProxy;
			containerPortal = 3C2593421BC80CE800C4C26B /* Project object */;
			proxyType = 1;
			remoteGlobalIDString = 3C2593491BC80CE900C4C26B;
			remoteInfo = "CAAnimation(转场动画)";
		};
/* End PBXContainerItemProxy section */

/* Begin PBXFileReference section */
		3C25934A1BC80CE900C4C26B /* CAAnimation(转场动画).app */ = {isa = PBXFileReference; explicitFileType = wrapper.application; includeInIndex = 0; path = "CAAnimation(转场动画).app"; sourceTree = BUILT_PRODUCTS_DIR; };
		3C25934E1BC80CE900C4C26B /* main.m */ = {isa = PBXFileReference; lastKnownFileType = sourcecode.c.objc; path = main.m; sourceTree = "<group>"; };
		3C2593501BC80CE900C4C26B /* AppDelegate.h */ = {isa = PBXFileReference; lastKnownFileType = sourcecode.c.h; path = AppDelegate.h; sourceTree = "<group>"; };
		3C2593511BC80CE900C4C26B /* AppDelegate.m */ = {isa = PBXFileReference; lastKnownFileType = sourcecode.c.objc; path = AppDelegate.m; sourceTree = "<group>"; };
		3C2593531BC80CE900C4C26B /* ViewController.h */ = {isa = PBXFileReference; lastKnownFileType = sourcecode.c.h; path = ViewController.h; sourceTree = "<group>"; };
		3C2593541BC80CE900C4C26B /* ViewController.m */ = {isa = PBXFileReference; lastKnownFileType = sourcecode.c.objc; path = ViewController.m; sourceTree = "<group>"; };
		3C2593571BC80CE900C4C26B /* Base */ = {isa = PBXFileReference; lastKnownFileType = file.storyboard; name = Base; path = Base.lproj/Main.storyboard; sourceTree = "<group>"; };
		3C2593591BC80CE900C4C26B /* Assets.xcassets */ = {isa = PBXFileReference; lastKnownFileType = folder.assetcatalog; path = Assets.xcassets; sourceTree = "<group>"; };
		3C25935C1BC80CE900C4C26B /* Base */ = {isa = PBXFileReference; lastKnownFileType = file.storyboard; name = Base; path = Base.lproj/LaunchScreen.storyboard; sourceTree = "<group>"; };
		3C25935E1BC80CE900C4C26B /* Info.plist */ = {isa = PBXFileReference; lastKnownFileType = text.plist.xml; path = Info.plist; sourceTree = "<group>"; };
		3C2593631BC80CE900C4C26B /* CAAnimation(转场动画)Tests.xctest */ = {isa = PBXFileReference; explicitFileType = wrapper.cfbundle; includeInIndex = 0; path = "CAAnimation(转场动画)Tests.xctest"; sourceTree = BUILT_PRODUCTS_DIR; };
		3C2593671BC80CE900C4C26B /* CAAnimation______Tests.m */ = {isa = PBXFileReference; lastKnownFileType = sourcecode.c.objc; path = "CAAnimation______Tests.m"; sourceTree = "<group>"; };
		3C2593691BC80CE900C4C26B /* Info.plist */ = {isa = PBXFileReference; lastKnownFileType = text.plist.xml; path = Info.plist; sourceTree = "<group>"; };
		3C25936E1BC80CE900C4C26B /* CAAnimation(转场动画)UITests.xctest */ = {isa = PBXFileReference; explicitFileType = wrapper.cfbundle; includeInIndex = 0; path = "CAAnimation(转场动画)UITests.xctest"; sourceTree = BUILT_PRODUCTS_DIR; };
		3C2593721BC80CE900C4C26B /* CAAnimation______UITests.m */ = {isa = PBXFileReference; lastKnownFileType = sourcecode.c.objc; path = "CAAnimation______UITests.m"; sourceTree = "<group>"; };
		3C2593741BC80CE900C4C26B /* Info.plist */ = {isa = PBXFileReference; lastKnownFileType = text.plist.xml; path = Info.plist; sourceTree = "<group>"; };
		3C2593811BC8103A00C4C26B /* 1.jpg */ = {isa = PBXFileReference; lastKnownFileType = image.jpeg; path = 1.jpg; sourceTree = "<group>"; };
		3C2593821BC8103A00C4C26B /* 2.jpg */ = {isa = PBXFileReference; lastKnownFileType = image.jpeg; path = 2.jpg; sourceTree = "<group>"; };
		3C2593831BC8103A00C4C26B /* 3.jpg */ = {isa = PBXFileReference; lastKnownFileType = image.jpeg; path = 3.jpg; sourceTree = "<group>"; };
		3C2593841BC8103A00C4C26B /* 4.jpg */ = {isa = PBXFileReference; lastKnownFileType = image.jpeg; path = 4.jpg; sourceTree = "<group>"; };
		3C2593851BC8103A00C4C26B /* 5.jpg */ = {isa = PBXFileReference; lastKnownFileType = image.jpeg; path = 5.jpg; sourceTree = "<group>"; };
		3C2593861BC8103A00C4C26B /* 6.jpg */ = {isa = PBXFileReference; lastKnownFileType = image.jpeg; path = 6.jpg; sourceTree = "<group>"; };
		3C2593871BC8103A00C4C26B /* 7.jpg */ = {isa = PBXFileReference; lastKnownFileType = image.jpeg; path = 7.jpg; sourceTree = "<group>"; };
/* End PBXFileReference section */

/* Begin PBXFrameworksBuildPhase section */
		3C2593471BC80CE900C4C26B /* Frameworks */ = {
			isa = PBXFrameworksBuildPhase;
			buildActionMask = 2147483647;
			files = (
			);
			runOnlyForDeploymentPostprocessing = 0;
		};
		3C2593601BC80CE900C4C26B /* Frameworks */ = {
			isa = PBXFrameworksBuildPhase;
			buildActionMask = 2147483647;
			files = (
			);
			runOnlyForDeploymentPostprocessing = 0;
		};
		3C25936B1BC80CE900C4C26B /* Frameworks */ = {
			isa = PBXFrameworksBuildPhase;
			buildActionMask = 2147483647;
			files = (
			);
			runOnlyForDeploymentPostprocessing = 0;
		};
/* End PBXFrameworksBuildPhase section */

/* Begin PBXGroup section */
		3C2593411BC80CE800C4C26B = {
			isa = PBXGroup;
			children = (
				3C25934C1BC80CE900C4C26B /* CAAnimation(转场动画) */,
				3C2593661BC80CE900C4C26B /* CAAnimation(转场动画)Tests */,
				3C2593711BC80CE900C4C26B /* CAAnimation(转场动画)UITests */,
				3C25934B1BC80CE900C4C26B /* Products */,
			);
			sourceTree = "<group>";
		};
		3C25934B1BC80CE900C4C26B /* Products */ = {
			isa = PBXGroup;
			children = (
				3C25934A1BC80CE900C4C26B /* CAAnimation(转场动画).app */,
				3C2593631BC80CE900C4C26B /* CAAnimation(转场动画)Tests.xctest */,
				3C25936E1BC80CE900C4C26B /* CAAnimation(转场动画)UITests.xctest */,
			);
			name = Products;
			sourceTree = "<group>";
		};
		3C25934C1BC80CE900C4C26B /* CAAnimation(转场动画) */ = {
			isa = PBXGroup;
			children = (
				3C2593501BC80CE900C4C26B /* AppDelegate.h */,
				3C2593511BC80CE900C4C26B /* AppDelegate.m */,
				3C2593531BC80CE900C4C26B /* ViewController.h */,
				3C2593541BC80CE900C4C26B /* ViewController.m */,
				3C2593561BC80CE900C4C26B /* Main.storyboard */,
				3C2593591BC80CE900C4C26B /* Assets.xcassets */,
				3C25935B1BC80CE900C4C26B /* LaunchScreen.storyboard */,
				3C25935E1BC80CE900C4C26B /* Info.plist */,
				3C25934D1BC80CE900C4C26B /* Supporting Files */,
			);
			path = "CAAnimation(转场动画)";
			sourceTree = "<group>";
		};
		3C25934D1BC80CE900C4C26B /* Supporting Files */ = {
			isa = PBXGroup;
			children = (
				3C2593801BC80CFD00C4C26B /* images */,
				3C25934E1BC80CE900C4C26B /* main.m */,
			);
			name = "Supporting Files";
			sourceTree = "<group>";
		};
		3C2593661BC80CE900C4C26B /* CAAnimation(转场动画)Tests */ = {
			isa = PBXGroup;
			children = (
				3C2593671BC80CE900C4C26B /* CAAnimation______Tests.m */,
				3C2593691BC80CE900C4C26B /* Info.plist */,
			);
			path = "CAAnimation(转场动画)Tests";
			sourceTree = "<group>";
		};
		3C2593711BC80CE900C4C26B /* CAAnimation(转场动画)UITests */ = {
			isa = PBXGroup;
			children = (
				3C2593721BC80CE900C4C26B /* CAAnimation______UITests.m */,
				3C2593741BC80CE900C4C26B /* Info.plist */,
			);
			path = "CAAnimation(转场动画)UITests";
			sourceTree = "<group>";
		};
		3C2593801BC80CFD00C4C26B /* images */ = {
			isa = PBXGroup;
			children = (
				3C2593811BC8103A00C4C26B /* 1.jpg */,
				3C2593821BC8103A00C4C26B /* 2.jpg */,
				3C2593831BC8103A00C4C26B /* 3.jpg */,
				3C2593841BC8103A00C4C26B /* 4.jpg */,
				3C2593851BC8103A00C4C26B /* 5.jpg */,
				3C2593861BC8103A00C4C26B /* 6.jpg */,
				3C2593871BC8103A00C4C26B /* 7.jpg */,
			);
			name = images;
			sourceTree = "<group>";
		};
/* End PBXGroup section */

/* Begin PBXNativeTarget section */
		3C2593491BC80CE900C4C26B /* CAAnimation(转场动画) */ = {
			isa = PBXNativeTarget;
			buildConfigurationList = 3C2593771BC80CE900C4C26B /* Build configuration list for PBXNativeTarget "CAAnimation(转场动画)" */;
			buildPhases = (
				3C2593461BC80CE900C4C26B /* Sources */,
				3C2593471BC80CE900C4C26B /* Frameworks */,
				3C2593481BC80CE900C4C26B /* Resources */,
			);
			buildRules = (
			);
			dependencies = (
			);
			name = "CAAnimation(转场动画)";
			productName = "CAAnimation(转场动画)";
			productReference = 3C25934A1BC80CE900C4C26B /* CAAnimation(转场动画).app */;
			productType = "com.apple.product-type.application";
		};
		3C2593621BC80CE900C4C26B /* CAAnimation(转场动画)Tests */ = {
			isa = PBXNativeTarget;
			buildConfigurationList = 3C25937A1BC80CE900C4C26B /* Build configuration list for PBXNativeTarget "CAAnimation(转场动画)Tests" */;
			buildPhases = (
				3C25935F1BC80CE900C4C26B /* Sources */,
				3C2593601BC80CE900C4C26B /* Frameworks */,
				3C2593611BC80CE900C4C26B /* Resources */,
			);
			buildRules = (
			);
			dependencies = (
				3C2593651BC80CE900C4C26B /* PBXTargetDependency */,
			);
			name = "CAAnimation(转场动画)Tests";
			productName = "CAAnimation(转场动画)Tests";
			productReference = 3C2593631BC80CE900C4C26B /* CAAnimation(转场动画)Tests.xctest */;
			productType = "com.apple.product-type.bundle.unit-test";
		};
		3C25936D1BC80CE900C4C26B /* CAAnimation(转场动画)UITests */ = {
			isa = PBXNativeTarget;
			buildConfigurationList = 3C25937D1BC80CE900C4C26B /* Build configuration list for PBXNativeTarget "CAAnimation(转场动画)UITests" */;
			buildPhases = (
				3C25936A1BC80CE900C4C26B /* Sources */,
				3C25936B1BC80CE900C4C26B /* Frameworks */,
				3C25936C1BC80CE900C4C26B /* Resources */,
			);
			buildRules = (
			);
			dependencies = (
				3C2593701BC80CE900C4C26B /* PBXTargetDependency */,
			);
			name = "CAAnimation(转场动画)UITests";
			productName = "CAAnimation(转场动画)UITests";
			productReference = 3C25936E1BC80CE900C4C26B /* CAAnimation(转场动画)UITests.xctest */;
			productType = "com.apple.product-type.bundle.ui-testing";
		};
/* End PBXNativeTarget section */

/* Begin PBXProject section */
		3C2593421BC80CE800C4C26B /* Project object */ = {
			isa = PBXProject;
			attributes = {
				LastUpgradeCheck = 0700;
				ORGANIZATIONNAME = AmberWhiteSky;
				TargetAttributes = {
					3C2593491BC80CE900C4C26B = {
						CreatedOnToolsVersion = 7.0.1;
					};
					3C2593621BC80CE900C4C26B = {
						CreatedOnToolsVersion = 7.0.1;
						DevelopmentTeam = 8RPK9DE62C;
						TestTargetID = 3C2593491BC80CE900C4C26B;
					};
					3C25936D1BC80CE900C4C26B = {
						CreatedOnToolsVersion = 7.0.1;
						DevelopmentTeam = 8RPK9DE62C;
						TestTargetID = 3C2593491BC80CE900C4C26B;
					};
				};
			};
			buildConfigurationList = 3C2593451BC80CE800C4C26B /* Build configuration list for PBXProject "CAAnimation(转场动画)" */;
			compatibilityVersion = "Xcode 3.2";
			developmentRegion = English;
			hasScannedForEncodings = 0;
			knownRegions = (
				en,
				Base,
			);
			mainGroup = 3C2593411BC80CE800C4C26B;
			productRefGroup = 3C25934B1BC80CE900C4C26B /* Products */;
			projectDirPath = "";
			projectRoot = "";
			targets = (
				3C2593491BC80CE900C4C26B /* CAAnimation(转场动画) */,
				3C2593621BC80CE900C4C26B /* CAAnimation(转场动画)Tests */,
				3C25936D1BC80CE900C4C26B /* CAAnimation(转场动画)UITests */,
			);
		};
/* End PBXProject section */

/* Begin PBXResourcesBuildPhase section */
		3C2593481BC80CE900C4C26B /* Resources */ = {
			isa = PBXResourcesBuildPhase;
			buildActionMask = 2147483647;
			files = (
				3C25938D1BC8103A00C4C26B /* 6.jpg in Resources */,
				3C25935D1BC80CE900C4C26B /* LaunchScreen.storyboard in Resources */,
				3C25938C1BC8103A00C4C26B /* 5.jpg in Resources */,
				3C25938B1BC8103A00C4C26B /* 4.jpg in Resources */,
				3C2593881BC8103A00C4C26B /* 1.jpg in Resources */,
				3C2593891BC8103A00C4C26B /* 2.jpg in Resources */,
				3C25938A1BC8103A00C4C26B /* 3.jpg in Resources */,
				3C25938E1BC8103A00C4C26B /* 7.jpg in Resources */,
				3C25935A1BC80CE900C4C26B /* Assets.xcassets in Resources */,
				3C2593581BC80CE900C4C26B /* Main.storyboard in Resources */,
			);
			runOnlyForDeploymentPostprocessing = 0;
		};
		3C2593611BC80CE900C4C26B /* Resources */ = {
			isa = PBXResourcesBuildPhase;
			buildActionMask = 2147483647;
			files = (
			);
			runOnlyForDeploymentPostprocessing = 0;
		};
		3C25936C1BC80CE900C4C26B /* Resources */ = {
			isa = PBXResourcesBuildPhase;
			buildActionMask = 2147483647;
			files = (
			);
			runOnlyForDeploymentPostprocessing = 0;
		};
/* End PBXResourcesBuildPhase section */

/* Begin PBXSourcesBuildPhase section */
		3C2593461BC80CE900C4C26B /* Sources */ = {
			isa = PBXSourcesBuildPhase;
			buildActionMask = 2147483647;
			files = (
				3C2593551BC80CE900C4C26B /* ViewController.m in Sources */,
				3C2593521BC80CE900C4C26B /* AppDelegate.m in Sources */,
				3C25934F1BC80CE900C4C26B /* main.m in Sources */,
			);
			runOnlyForDeploymentPostprocessing = 0;
		};
		3C25935F1BC80CE900C4C26B /* Sources */ = {
			isa = PBXSourcesBuildPhase;
			buildActionMask = 2147483647;
			files = (
				3C2593681BC80CE900C4C26B /* CAAnimation______Tests.m in Sources */,
			);
			runOnlyForDeploymentPostprocessing = 0;
		};
		3C25936A1BC80CE900C4C26B /* Sources */ = {
			isa = PBXSourcesBuildPhase;
			buildActionMask = 2147483647;
			files = (
				3C2593731BC80CE900C4C26B /* CAAnimation______UITests.m in Sources */,
			);
			runOnlyForDeploymentPostprocessing = 0;
		};
/* End PBXSourcesBuildPhase section */

/* Begin PBXTargetDependency section */
		3C2593651BC80CE900C4C26B /* PBXTargetDependency */ = {
			isa = PBXTargetDependency;
			target = 3C2593491BC80CE900C4C26B /* CAAnimation(转场动画) */;
			targetProxy = 3C2593641BC80CE900C4C26B /* PBXContainerItemProxy */;
		};
		3C2593701BC80CE900C4C26B /* PBXTargetDependency */ = {
			isa = PBXTargetDependency;
			target = 3C2593491BC80CE900C4C26B /* CAAnimation(转场动画) */;
			targetProxy = 3C25936F1BC80CE900C4C26B /* PBXContainerItemProxy */;
		};
/* End PBXTargetDependency section */

/* Begin PBXVariantGroup section */
		3C2593561BC80CE900C4C26B /* Main.storyboard */ = {
			isa = PBXVariantGroup;
			children = (
				3C2593571BC80CE900C4C26B /* Base */,
			);
			name = Main.storyboard;
			sourceTree = "<group>";
		};
		3C25935B1BC80CE900C4C26B /* LaunchScreen.storyboard */ = {
			isa = PBXVariantGroup;
			children = (
				3C25935C1BC80CE900C4C26B /* Base */,
			);
			name = LaunchScreen.storyboard;
			sourceTree = "<group>";
		};
/* End PBXVariantGroup section */

/* Begin XCBuildConfiguration section */
		3C2593751BC80CE900C4C26B /* Debug */ = {
			isa = XCBuildConfiguration;
			buildSettings = {
				ALWAYS_SEARCH_USER_PATHS = NO;
				CLANG_CXX_LANGUAGE_STANDARD = "gnu++0x";
				CLANG_CXX_LIBRARY = "libc++";
				CLANG_ENABLE_MODULES = YES;
				CLANG_ENABLE_OBJC_ARC = YES;
				CLANG_WARN_BOOL_CONVERSION = YES;
				CLANG_WARN_CONSTANT_CONVERSION = YES;
				CLANG_WARN_DIRECT_OBJC_ISA_USAGE = YES_ERROR;
				CLANG_WARN_EMPTY_BODY = YES;
				CLANG_WARN_ENUM_CONVERSION = YES;
				CLANG_WARN_INT_CONVERSION = YES;
				CLANG_WARN_OBJC_ROOT_CLASS = YES_ERROR;
				CLANG_WARN_UNREACHABLE_CODE = YES;
				CLANG_WARN__DUPLICATE_METHOD_MATCH = YES;
				"CODE_SIGN_IDENTITY[sdk=iphoneos*]" = "iPhone Developer";
				COPY_PHASE_STRIP = NO;
				DEBUG_INFORMATION_FORMAT = dwarf;
				ENABLE_STRICT_OBJC_MSGSEND = YES;
				ENABLE_TESTABILITY = YES;
				GCC_C_LANGUAGE_STANDARD = gnu99;
				GCC_DYNAMIC_NO_PIC = NO;
				GCC_NO_COMMON_BLOCKS = YES;
				GCC_OPTIMIZATION_LEVEL = 0;
				GCC_PREPROCESSOR_DEFINITIONS = (
					"DEBUG=1",
					"$(inherited)",
				);
				GCC_WARN_64_TO_32_BIT_CONVERSION = YES;
				GCC_WARN_ABOUT_RETURN_TYPE = YES_ERROR;
				GCC_WARN_UNDECLARED_SELECTOR = YES;
				GCC_WARN_UNINITIALIZED_AUTOS = YES_AGGRESSIVE;
				GCC_WARN_UNUSED_FUNCTION = YES;
				GCC_WARN_UNUSED_VARIABLE = YES;
				IPHONEOS_DEPLOYMENT_TARGET = 9.0;
				MTL_ENABLE_DEBUG_INFO = YES;
				ONLY_ACTIVE_ARCH = YES;
				SDKROOT = iphoneos;
			};
			name = Debug;
		};
		3C2593761BC80CE900C4C26B /* Release */ = {
			isa = XCBuildConfiguration;
			buildSettings = {
				ALWAYS_SEARCH_USER_PATHS = NO;
				CLANG_CXX_LANGUAGE_STANDARD = "gnu++0x";
				CLANG_CXX_LIBRARY = "libc++";
				CLANG_ENABLE_MODULES = YES;
				CLANG_ENABLE_OBJC_ARC = YES;
				CLANG_WARN_BOOL_CONVERSION = YES;
				CLANG_WARN_CONSTANT_CONVERSION = YES;
				CLANG_WARN_DIRECT_OBJC_ISA_USAGE = YES_ERROR;
				CLANG_WARN_EMPTY_BODY = YES;
				CLANG_WARN_ENUM_CONVERSION = YES;
				CLANG_WARN_INT_CONVERSION = YES;
				CLANG_WARN_OBJC_ROOT_CLASS = YES_ERROR;
				CLANG_WARN_UNREACHABLE_CODE = YES;
				CLANG_WARN__DUPLICATE_METHOD_MATCH = YES;
				"CODE_SIGN_IDENTITY[sdk=iphoneos*]" = "iPhone Developer";
				COPY_PHASE_STRIP = NO;
				DEBUG_INFORMATION_FORMAT = "dwarf-with-dsym";
				ENABLE_NS_ASSERTIONS = NO;
				ENABLE_STRICT_OBJC_MSGSEND = YES;
				GCC_C_LANGUAGE_STANDARD = gnu99;
				GCC_NO_COMMON_BLOCKS = YES;
				GCC_WARN_64_TO_32_BIT_CONVERSION = YES;
				GCC_WARN_ABOUT_RETURN_TYPE = YES_ERROR;
				GCC_WARN_UNDECLARED_SELECTOR = YES;
				GCC_WARN_UNINITIALIZED_AUTOS = YES_AGGRESSIVE;
				GCC_WARN_UNUSED_FUNCTION = YES;
				GCC_WARN_UNUSED_VARIABLE = YES;
				IPHONEOS_DEPLOYMENT_TARGET = 9.0;
				MTL_ENABLE_DEBUG_INFO = NO;
				SDKROOT = iphoneos;
				VALIDATE_PRODUCT = YES;
			};
			name = Release;
		};
		3C2593781BC80CE900C4C26B /* Debug */ = {
			isa = XCBuildConfiguration;
			buildSettings = {
				ASSETCATALOG_COMPILER_APPICON_NAME = AppIcon;
				CODE_SIGN_IDENTITY = "iPhone Developer";
				INFOPLIST_FILE = "CAAnimation(转场动画)/Info.plist";
				LD_RUNPATH_SEARCH_PATHS = "$(inherited) @executable_path/Frameworks";
				PRODUCT_BUNDLE_IDENTIFIER = "com.amberwhitesky-163.com.CAAnimation------";
				PRODUCT_NAME = "$(TARGET_NAME)";
			};
			name = Debug;
		};
		3C2593791BC80CE900C4C26B /* Release */ = {
			isa = XCBuildConfiguration;
			buildSettings = {
				ASSETCATALOG_COMPILER_APPICON_NAME = AppIcon;
				CODE_SIGN_IDENTITY = "iPhone Developer";
				INFOPLIST_FILE = "CAAnimation(转场动画)/Info.plist";
				LD_RUNPATH_SEARCH_PATHS = "$(inherited) @executable_path/Frameworks";
				PRODUCT_BUNDLE_IDENTIFIER = "com.amberwhitesky-163.com.CAAnimation------";
				PRODUCT_NAME = "$(TARGET_NAME)";
			};
			name = Release;
		};
		3C25937B1BC80CE900C4C26B /* Debug */ = {
			isa = XCBuildConfiguration;
			buildSettings = {
				BUNDLE_LOADER = "$(TEST_HOST)";
				INFOPLIST_FILE = "CAAnimation(转场动画)Tests/Info.plist";
				LD_RUNPATH_SEARCH_PATHS = "$(inherited) @executable_path/Frameworks @loader_path/Frameworks";
				PRODUCT_BUNDLE_IDENTIFIER = "com.amberwhitesky-163.com.CAAnimation------Tests";
				PRODUCT_NAME = "$(TARGET_NAME)";
				TEST_HOST = "$(BUILT_PRODUCTS_DIR)/CAAnimation(转场动画).app/CAAnimation(转场动画)";
			};
			name = Debug;
		};
		3C25937C1BC80CE900C4C26B /* Release */ = {
			isa = XCBuildConfiguration;
			buildSettings = {
				BUNDLE_LOADER = "$(TEST_HOST)";
				INFOPLIST_FILE = "CAAnimation(转场动画)Tests/Info.plist";
				LD_RUNPATH_SEARCH_PATHS = "$(inherited) @executable_path/Frameworks @loader_path/Frameworks";
				PRODUCT_BUNDLE_IDENTIFIER = "com.amberwhitesky-163.com.CAAnimation------Tests";
				PRODUCT_NAME = "$(TARGET_NAME)";
				TEST_HOST = "$(BUILT_PRODUCTS_DIR)/CAAnimation(转场动画).app/CAAnimation(转场动画)";
			};
			name = Release;
		};
		3C25937E1BC80CE900C4C26B /* Debug */ = {
			isa = XCBuildConfiguration;
			buildSettings = {
				INFOPLIST_FILE = "CAAnimation(转场动画)UITests/Info.plist";
				LD_RUNPATH_SEARCH_PATHS = "$(inherited) @executable_path/Frameworks @loader_path/Frameworks";
				PRODUCT_BUNDLE_IDENTIFIER = "com.amberwhitesky-163.com.CAAnimation------UITests";
				PRODUCT_NAME = "$(TARGET_NAME)";
				TEST_TARGET_NAME = "CAAnimation(转场动画)";
				USES_XCTRUNNER = YES;
			};
			name = Debug;
		};
		3C25937F1BC80CE900C4C26B /* Release */ = {
			isa = XCBuildConfiguration;
			buildSettings = {
				INFOPLIST_FILE = "CAAnimation(转场动画)UITests/Info.plist";
				LD_RUNPATH_SEARCH_PATHS = "$(inherited) @executable_path/Frameworks @loader_path/Frameworks";
				PRODUCT_BUNDLE_IDENTIFIER = "com.amberwhitesky-163.com.CAAnimation------UITests";
				PRODUCT_NAME = "$(TARGET_NAME)";
				TEST_TARGET_NAME = "CAAnimation(转场动画)";
				USES_XCTRUNNER = YES;
			};
			name = Release;
		};
/* End XCBuildConfiguration section */

/* Begin XCConfigurationList section */
		3C2593451BC80CE800C4C26B /* Build configuration list for PBXProject "CAAnimation(转场动画)" */ = {
			isa = XCConfigurationList;
			buildConfigurations = (
				3C2593751BC80CE900C4C26B /* Debug */,
				3C2593761BC80CE900C4C26B /* Release */,
			);
			defaultConfigurationIsVisible = 0;
			defaultConfigurationName = Release;
		};
		3C2593771BC80CE900C4C26B /* Build configuration list for PBXNativeTarget "CAAnimation(转场动画)" */ = {
			isa = XCConfigurationList;
			buildConfigurations = (
				3C2593781BC80CE900C4C26B /* Debug */,
				3C2593791BC80CE900C4C26B /* Release */,
			);
			defaultConfigurationIsVisible = 0;
		};
		3C25937A1BC80CE900C4C26B /* Build configuration list for PBXNativeTarget "CAAnimation(转场动画)Tests" */ = {
			isa = XCConfigurationList;
			buildConfigurations = (
				3C25937B1BC80CE900C4C26B /* Debug */,
				3C25937C1BC80CE900C4C26B /* Release */,
			);
			defaultConfigurationIsVisible = 0;
		};
		3C25937D1BC80CE900C4C26B /* Build configuration list for PBXNativeTarget "CAAnimation(转场动画)UITests" */ = {
			isa = XCConfigurationList;
			buildConfigurations = (
				3C25937E1BC80CE900C4C26B /* Debug */,
				3C25937F1BC80CE900C4C26B /* Release */,
			);
			defaultConfigurationIsVisible = 0;
		};
/* End XCConfigurationList section */
	};
	rootObject = 3C2593421BC80CE800C4C26B /* Project object */;
}
